{
  "lockfileVersion": 1,
  "workspaces": {
    "": {
      "name": "ctf-pallet-interaction",
      "dependencies": {
        "@polkadot/api": "^10.11.2",
        "@polkadot/keyring": "^12.6.2",
        "@polkadot/util": "^12.6.2",
        "@polkadot/util-crypto": "^12.6.2",
        "bn.js": "^5.2.1",
      },
      "devDependencies": {
        "bun-types": "latest",
      },
    },
  },
  "packages": {
    "@noble/curves": ["@noble/curves@1.9.0", "", { "dependencies": { "@noble/hashes": "1.8.0" } }, "sha512-7YDlXiNMdO1YZeH6t/kvopHHbIZzlxrCV9WLqCY6QhcXOoXiNCMDqJIglZ9Yjx5+w7Dz30TITFrlTjnRg7sKEg=="],

    "@noble/hashes": ["@noble/hashes@1.8.0", "", {}, "sha512-jCs9ldd7NwzpgXDIf6P3+NrHh9/sD6CQdxHyjQI+h/6rDNo88ypBxxz45UDuZHz9r3tNz7N/VInSVoVdtXEI4A=="],

    "@polkadot-api/client": ["@polkadot-api/client@0.0.1-492c132563ea6b40ae1fc5470dec4cd18768d182.1.0", "", { "dependencies": { "@polkadot-api/metadata-builders": "0.0.1-492c132563ea6b40ae1fc5470dec4cd18768d182.1.0", "@polkadot-api/substrate-bindings": "0.0.1-492c132563ea6b40ae1fc5470dec4cd18768d182.1.0", "@polkadot-api/substrate-client": "0.0.1-492c132563ea6b40ae1fc5470dec4cd18768d182.1.0", "@polkadot-api/utils": "0.0.1-492c132563ea6b40ae1fc5470dec4cd18768d182.1.0" }, "peerDependencies": { "rxjs": ">=7.8.0" } }, "sha512-0fqK6pUKcGHSG2pBvY+gfSS+1mMdjd/qRygAcKI5d05tKsnZLRnmhb9laDguKmGEIB0Bz9vQqNK3gIN/cfvVwg=="],

    "@polkadot-api/json-rpc-provider": ["@polkadot-api/json-rpc-provider@0.0.1-492c132563ea6b40ae1fc5470dec4cd18768d182.1.0", "", {}, "sha512-EaUS9Fc3wsiUr6ZS43PQqaRScW7kM6DYbuM/ou0aYjm8N9MBqgDbGm2oL6RE1vAVmOfEuHcXZuZkhzWtyvQUtA=="],

    "@polkadot-api/json-rpc-provider-proxy": ["@polkadot-api/json-rpc-provider-proxy@0.0.1-492c132563ea6b40ae1fc5470dec4cd18768d182.1.0", "", {}, "sha512-0hZ8vtjcsyCX8AyqP2sqUHa1TFFfxGWmlXJkit0Nqp9b32MwZqn5eaUAiV2rNuEpoglKOdKnkGtUF8t5MoodKw=="],

    "@polkadot-api/metadata-builders": ["@polkadot-api/metadata-builders@0.0.1-492c132563ea6b40ae1fc5470dec4cd18768d182.1.0", "", { "dependencies": { "@polkadot-api/substrate-bindings": "0.0.1-492c132563ea6b40ae1fc5470dec4cd18768d182.1.0", "@polkadot-api/utils": "0.0.1-492c132563ea6b40ae1fc5470dec4cd18768d182.1.0" } }, "sha512-BD7rruxChL1VXt0icC2gD45OtT9ofJlql0qIllHSRYgama1CR2Owt+ApInQxB+lWqM+xNOznZRpj8CXNDvKIMg=="],

    "@polkadot-api/substrate-bindings": ["@polkadot-api/substrate-bindings@0.0.1-492c132563ea6b40ae1fc5470dec4cd18768d182.1.0", "", { "dependencies": { "@noble/hashes": "^1.3.1", "@polkadot-api/utils": "0.0.1-492c132563ea6b40ae1fc5470dec4cd18768d182.1.0", "@scure/base": "^1.1.1", "scale-ts": "^1.6.0" } }, "sha512-N4vdrZopbsw8k57uG58ofO7nLXM4Ai7835XqakN27MkjXMp5H830A1KJE0L9sGQR7ukOCDEIHHcwXVrzmJ/PBg=="],

    "@polkadot-api/substrate-client": ["@polkadot-api/substrate-client@0.0.1-492c132563ea6b40ae1fc5470dec4cd18768d182.1.0", "", {}, "sha512-lcdvd2ssUmB1CPzF8s2dnNOqbrDa+nxaaGbuts+Vo8yjgSKwds2Lo7Oq+imZN4VKW7t9+uaVcKFLMF7PdH0RWw=="],

    "@polkadot-api/utils": ["@polkadot-api/utils@0.0.1-492c132563ea6b40ae1fc5470dec4cd18768d182.1.0", "", {}, "sha512-0CYaCjfLQJTCRCiYvZ81OncHXEKPzAexCMoVloR+v2nl/O2JRya/361MtPkeNLC6XBoaEgLAG9pWQpH3WePzsw=="],

    "@polkadot/api": ["@polkadot/api@10.13.1", "", { "dependencies": { "@polkadot/api-augment": "10.13.1", "@polkadot/api-base": "10.13.1", "@polkadot/api-derive": "10.13.1", "@polkadot/keyring": "^12.6.2", "@polkadot/rpc-augment": "10.13.1", "@polkadot/rpc-core": "10.13.1", "@polkadot/rpc-provider": "10.13.1", "@polkadot/types": "10.13.1", "@polkadot/types-augment": "10.13.1", "@polkadot/types-codec": "10.13.1", "@polkadot/types-create": "10.13.1", "@polkadot/types-known": "10.13.1", "@polkadot/util": "^12.6.2", "@polkadot/util-crypto": "^12.6.2", "eventemitter3": "^5.0.1", "rxjs": "^7.8.1", "tslib": "^2.6.2" } }, "sha512-YrKWR4TQR5CDyGkF0mloEUo7OsUA+bdtENpJGOtNavzOQUDEbxFE0PVzokzZfVfHhHX2CojPVmtzmmLxztyJkg=="],

    "@polkadot/api-augment": ["@polkadot/api-augment@10.13.1", "", { "dependencies": { "@polkadot/api-base": "10.13.1", "@polkadot/rpc-augment": "10.13.1", "@polkadot/types": "10.13.1", "@polkadot/types-augment": "10.13.1", "@polkadot/types-codec": "10.13.1", "@polkadot/util": "^12.6.2", "tslib": "^2.6.2" } }, "sha512-IAKaCp19QxgOG4HKk9RAgUgC/VNVqymZ2GXfMNOZWImZhxRIbrK+raH5vN2MbWwtVHpjxyXvGsd1RRhnohI33A=="],

    "@polkadot/api-base": ["@polkadot/api-base@10.13.1", "", { "dependencies": { "@polkadot/rpc-core": "10.13.1", "@polkadot/types": "10.13.1", "@polkadot/util": "^12.6.2", "rxjs": "^7.8.1", "tslib": "^2.6.2" } }, "sha512-Okrw5hjtEjqSMOG08J6qqEwlUQujTVClvY1/eZkzKwNzPelWrtV6vqfyJklB7zVhenlxfxqhZKKcY7zWSW/q5Q=="],

    "@polkadot/api-derive": ["@polkadot/api-derive@10.13.1", "", { "dependencies": { "@polkadot/api": "10.13.1", "@polkadot/api-augment": "10.13.1", "@polkadot/api-base": "10.13.1", "@polkadot/rpc-core": "10.13.1", "@polkadot/types": "10.13.1", "@polkadot/types-codec": "10.13.1", "@polkadot/util": "^12.6.2", "@polkadot/util-crypto": "^12.6.2", "rxjs": "^7.8.1", "tslib": "^2.6.2" } }, "sha512-ef0H0GeCZ4q5Om+c61eLLLL29UxFC2/u/k8V1K2JOIU+2wD5LF7sjAoV09CBMKKHfkLenRckVk2ukm4rBqFRpg=="],

    "@polkadot/keyring": ["@polkadot/keyring@12.6.2", "", { "dependencies": { "@polkadot/util": "12.6.2", "@polkadot/util-crypto": "12.6.2", "tslib": "^2.6.2" } }, "sha512-O3Q7GVmRYm8q7HuB3S0+Yf/q/EB2egKRRU3fv9b3B7V+A52tKzA+vIwEmNVaD1g5FKW9oB97rmpggs0zaKFqHw=="],

    "@polkadot/networks": ["@polkadot/networks@12.6.2", "", { "dependencies": { "@polkadot/util": "12.6.2", "@substrate/ss58-registry": "^1.44.0", "tslib": "^2.6.2" } }, "sha512-1oWtZm1IvPWqvMrldVH6NI2gBoCndl5GEwx7lAuQWGr7eNL+6Bdc5K3Z9T0MzFvDGoi2/CBqjX9dRKo39pDC/w=="],

    "@polkadot/rpc-augment": ["@polkadot/rpc-augment@10.13.1", "", { "dependencies": { "@polkadot/rpc-core": "10.13.1", "@polkadot/types": "10.13.1", "@polkadot/types-codec": "10.13.1", "@polkadot/util": "^12.6.2", "tslib": "^2.6.2" } }, "sha512-iLsWUW4Jcx3DOdVrSHtN0biwxlHuTs4QN2hjJV0gd0jo7W08SXhWabZIf9mDmvUJIbR7Vk+9amzvegjRyIf5+A=="],

    "@polkadot/rpc-core": ["@polkadot/rpc-core@10.13.1", "", { "dependencies": { "@polkadot/rpc-augment": "10.13.1", "@polkadot/rpc-provider": "10.13.1", "@polkadot/types": "10.13.1", "@polkadot/util": "^12.6.2", "rxjs": "^7.8.1", "tslib": "^2.6.2" } }, "sha512-eoejSHa+/tzHm0vwic62/aptTGbph8vaBpbvLIK7gd00+rT813ROz5ckB1CqQBFB23nHRLuzzX/toY8ID3xrKw=="],

    "@polkadot/rpc-provider": ["@polkadot/rpc-provider@10.13.1", "", { "dependencies": { "@polkadot/keyring": "^12.6.2", "@polkadot/types": "10.13.1", "@polkadot/types-support": "10.13.1", "@polkadot/util": "^12.6.2", "@polkadot/util-crypto": "^12.6.2", "@polkadot/x-fetch": "^12.6.2", "@polkadot/x-global": "^12.6.2", "@polkadot/x-ws": "^12.6.2", "eventemitter3": "^5.0.1", "mock-socket": "^9.3.1", "nock": "^13.5.0", "tslib": "^2.6.2" }, "optionalDependencies": { "@substrate/connect": "0.8.8" } }, "sha512-oJ7tatVXYJ0L7NpNiGd69D558HG5y5ZDmH2Bp9Dd4kFTQIiV8A39SlWwWUPCjSsen9lqSvvprNLnG/VHTpenbw=="],

    "@polkadot/types": ["@polkadot/types@10.13.1", "", { "dependencies": { "@polkadot/keyring": "^12.6.2", "@polkadot/types-augment": "10.13.1", "@polkadot/types-codec": "10.13.1", "@polkadot/types-create": "10.13.1", "@polkadot/util": "^12.6.2", "@polkadot/util-crypto": "^12.6.2", "rxjs": "^7.8.1", "tslib": "^2.6.2" } }, "sha512-Hfvg1ZgJlYyzGSAVrDIpp3vullgxrjOlh/CSThd/PI4TTN1qHoPSFm2hs77k3mKkOzg+LrWsLE0P/LP2XddYcw=="],

    "@polkadot/types-augment": ["@polkadot/types-augment@10.13.1", "", { "dependencies": { "@polkadot/types": "10.13.1", "@polkadot/types-codec": "10.13.1", "@polkadot/util": "^12.6.2", "tslib": "^2.6.2" } }, "sha512-TcrLhf95FNFin61qmVgOgayzQB/RqVsSg9thAso1Fh6pX4HSbvI35aGPBAn3SkA6R+9/TmtECirpSNLtIGFn0g=="],

    "@polkadot/types-codec": ["@polkadot/types-codec@10.13.1", "", { "dependencies": { "@polkadot/util": "^12.6.2", "@polkadot/x-bigint": "^12.6.2", "tslib": "^2.6.2" } }, "sha512-AiQ2Vv2lbZVxEdRCN8XSERiWlOWa2cTDLnpAId78EnCtx4HLKYQSd+Jk9Y4BgO35R79mchK4iG+w6gZ+ukG2bg=="],

    "@polkadot/types-create": ["@polkadot/types-create@10.13.1", "", { "dependencies": { "@polkadot/types-codec": "10.13.1", "@polkadot/util": "^12.6.2", "tslib": "^2.6.2" } }, "sha512-Usn1jqrz35SXgCDAqSXy7mnD6j4RvB4wyzTAZipFA6DGmhwyxxIgOzlWQWDb+1PtPKo9vtMzen5IJ+7w5chIeA=="],

    "@polkadot/types-known": ["@polkadot/types-known@10.13.1", "", { "dependencies": { "@polkadot/networks": "^12.6.2", "@polkadot/types": "10.13.1", "@polkadot/types-codec": "10.13.1", "@polkadot/types-create": "10.13.1", "@polkadot/util": "^12.6.2", "tslib": "^2.6.2" } }, "sha512-uHjDW05EavOT5JeU8RbiFWTgPilZ+odsCcuEYIJGmK+es3lk/Qsdns9Zb7U7NJl7eJ6OWmRtyrWsLs+bU+jjIQ=="],

    "@polkadot/types-support": ["@polkadot/types-support@10.13.1", "", { "dependencies": { "@polkadot/util": "^12.6.2", "tslib": "^2.6.2" } }, "sha512-4gEPfz36XRQIY7inKq0HXNVVhR6HvXtm7yrEmuBuhM86LE0lQQBkISUSgR358bdn2OFSLMxMoRNoh3kcDvdGDQ=="],

    "@polkadot/util": ["@polkadot/util@12.6.2", "", { "dependencies": { "@polkadot/x-bigint": "12.6.2", "@polkadot/x-global": "12.6.2", "@polkadot/x-textdecoder": "12.6.2", "@polkadot/x-textencoder": "12.6.2", "@types/bn.js": "^5.1.5", "bn.js": "^5.2.1", "tslib": "^2.6.2" } }, "sha512-l8TubR7CLEY47240uki0TQzFvtnxFIO7uI/0GoWzpYD/O62EIAMRsuY01N4DuwgKq2ZWD59WhzsLYmA5K6ksdw=="],

    "@polkadot/util-crypto": ["@polkadot/util-crypto@12.6.2", "", { "dependencies": { "@noble/curves": "^1.3.0", "@noble/hashes": "^1.3.3", "@polkadot/networks": "12.6.2", "@polkadot/util": "12.6.2", "@polkadot/wasm-crypto": "^7.3.2", "@polkadot/wasm-util": "^7.3.2", "@polkadot/x-bigint": "12.6.2", "@polkadot/x-randomvalues": "12.6.2", "@scure/base": "^1.1.5", "tslib": "^2.6.2" } }, "sha512-FEWI/dJ7wDMNN1WOzZAjQoIcCP/3vz3wvAp5QQm+lOrzOLj0iDmaIGIcBkz8HVm3ErfSe/uKP0KS4jgV/ib+Mg=="],

    "@polkadot/wasm-bridge": ["@polkadot/wasm-bridge@7.4.1", "", { "dependencies": { "@polkadot/wasm-util": "7.4.1", "tslib": "^2.7.0" }, "peerDependencies": { "@polkadot/util": "*", "@polkadot/x-randomvalues": "*" } }, "sha512-tdkJaV453tezBxhF39r4oeG0A39sPKGDJmN81LYLf+Fihb7astzwju+u75BRmDrHZjZIv00un3razJEWCxze6g=="],

    "@polkadot/wasm-crypto": ["@polkadot/wasm-crypto@7.4.1", "", { "dependencies": { "@polkadot/wasm-bridge": "7.4.1", "@polkadot/wasm-crypto-asmjs": "7.4.1", "@polkadot/wasm-crypto-init": "7.4.1", "@polkadot/wasm-crypto-wasm": "7.4.1", "@polkadot/wasm-util": "7.4.1", "tslib": "^2.7.0" }, "peerDependencies": { "@polkadot/util": "*", "@polkadot/x-randomvalues": "*" } }, "sha512-kHN/kF7hYxm1y0WeFLWeWir6oTzvcFmR4N8fJJokR+ajYbdmrafPN+6iLgQVbhZnDdxyv9jWDuRRsDnBx8tPMQ=="],

    "@polkadot/wasm-crypto-asmjs": ["@polkadot/wasm-crypto-asmjs@7.4.1", "", { "dependencies": { "tslib": "^2.7.0" }, "peerDependencies": { "@polkadot/util": "*" } }, "sha512-pwU8QXhUW7IberyHJIQr37IhbB6DPkCG5FhozCiNTq4vFBsFPjm9q8aZh7oX1QHQaiAZa2m2/VjIVE+FHGbvHQ=="],

    "@polkadot/wasm-crypto-init": ["@polkadot/wasm-crypto-init@7.4.1", "", { "dependencies": { "@polkadot/wasm-bridge": "7.4.1", "@polkadot/wasm-crypto-asmjs": "7.4.1", "@polkadot/wasm-crypto-wasm": "7.4.1", "@polkadot/wasm-util": "7.4.1", "tslib": "^2.7.0" }, "peerDependencies": { "@polkadot/util": "*", "@polkadot/x-randomvalues": "*" } }, "sha512-AVka33+f7MvXEEIGq5U0dhaA2SaXMXnxVCQyhJTaCnJ5bRDj0Xlm3ijwDEQUiaDql7EikbkkRtmlvs95eSUWYQ=="],

    "@polkadot/wasm-crypto-wasm": ["@polkadot/wasm-crypto-wasm@7.4.1", "", { "dependencies": { "@polkadot/wasm-util": "7.4.1", "tslib": "^2.7.0" }, "peerDependencies": { "@polkadot/util": "*" } }, "sha512-PE1OAoupFR0ZOV2O8tr7D1FEUAwaggzxtfs3Aa5gr+yxlSOaWUKeqsOYe1KdrcjmZVV3iINEAXxgrbzCmiuONg=="],

    "@polkadot/wasm-util": ["@polkadot/wasm-util@7.4.1", "", { "dependencies": { "tslib": "^2.7.0" }, "peerDependencies": { "@polkadot/util": "*" } }, "sha512-RAcxNFf3zzpkr+LX/ItAsvj+QyM56TomJ0xjUMo4wKkHjwsxkz4dWJtx5knIgQz/OthqSDMR59VNEycQeNuXzA=="],

    "@polkadot/x-bigint": ["@polkadot/x-bigint@12.6.2", "", { "dependencies": { "@polkadot/x-global": "12.6.2", "tslib": "^2.6.2" } }, "sha512-HSIk60uFPX4GOFZSnIF7VYJz7WZA7tpFJsne7SzxOooRwMTWEtw3fUpFy5cYYOeLh17/kHH1Y7SVcuxzVLc74Q=="],

    "@polkadot/x-fetch": ["@polkadot/x-fetch@12.6.2", "", { "dependencies": { "@polkadot/x-global": "12.6.2", "node-fetch": "^3.3.2", "tslib": "^2.6.2" } }, "sha512-8wM/Z9JJPWN1pzSpU7XxTI1ldj/AfC8hKioBlUahZ8gUiJaOF7K9XEFCrCDLis/A1BoOu7Ne6WMx/vsJJIbDWw=="],

    "@polkadot/x-global": ["@polkadot/x-global@12.6.2", "", { "dependencies": { "tslib": "^2.6.2" } }, "sha512-a8d6m+PW98jmsYDtAWp88qS4dl8DyqUBsd0S+WgyfSMtpEXu6v9nXDgPZgwF5xdDvXhm+P0ZfVkVTnIGrScb5g=="],

    "@polkadot/x-randomvalues": ["@polkadot/x-randomvalues@12.6.2", "", { "dependencies": { "@polkadot/x-global": "12.6.2", "tslib": "^2.6.2" }, "peerDependencies": { "@polkadot/util": "12.6.2", "@polkadot/wasm-util": "*" } }, "sha512-Vr8uG7rH2IcNJwtyf5ebdODMcr0XjoCpUbI91Zv6AlKVYOGKZlKLYJHIwpTaKKB+7KPWyQrk4Mlym/rS7v9feg=="],

    "@polkadot/x-textdecoder": ["@polkadot/x-textdecoder@12.6.2", "", { "dependencies": { "@polkadot/x-global": "12.6.2", "tslib": "^2.6.2" } }, "sha512-M1Bir7tYvNappfpFWXOJcnxUhBUFWkUFIdJSyH0zs5LmFtFdbKAeiDXxSp2Swp5ddOZdZgPac294/o2TnQKN1w=="],

    "@polkadot/x-textencoder": ["@polkadot/x-textencoder@12.6.2", "", { "dependencies": { "@polkadot/x-global": "12.6.2", "tslib": "^2.6.2" } }, "sha512-4N+3UVCpI489tUJ6cv3uf0PjOHvgGp9Dl+SZRLgFGt9mvxnvpW/7+XBADRMtlG4xi5gaRK7bgl5bmY6OMDsNdw=="],

    "@polkadot/x-ws": ["@polkadot/x-ws@12.6.2", "", { "dependencies": { "@polkadot/x-global": "12.6.2", "tslib": "^2.6.2", "ws": "^8.15.1" } }, "sha512-cGZWo7K5eRRQCRl2LrcyCYsrc3lRbTlixZh3AzgU8uX4wASVGRlNWi/Hf4TtHNe1ExCDmxabJzdIsABIfrr7xw=="],

    "@scure/base": ["@scure/base@1.2.5", "", {}, "sha512-9rE6EOVeIQzt5TSu4v+K523F8u6DhBsoZWPGKlnCshhlDhy0kJzUX4V+tr2dWmzF1GdekvThABoEQBGBQI7xZw=="],

    "@substrate/connect": ["@substrate/connect@0.8.8", "", { "dependencies": { "@substrate/connect-extension-protocol": "^2.0.0", "@substrate/connect-known-chains": "^1.1.1", "@substrate/light-client-extension-helpers": "^0.0.4", "smoldot": "2.0.22" } }, "sha512-zwaxuNEVI9bGt0rT8PEJiXOyebLIo6QN1SyiAHRPBOl6g3Sy0KKdSN8Jmyn++oXhVRD8aIe75/V8ZkS81T+BPQ=="],

    "@substrate/connect-extension-protocol": ["@substrate/connect-extension-protocol@2.2.2", "", {}, "sha512-t66jwrXA0s5Goq82ZtjagLNd7DPGCNjHeehRlE/gcJmJ+G56C0W+2plqOMRicJ8XGR1/YFnUSEqUFiSNbjGrAA=="],

    "@substrate/connect-known-chains": ["@substrate/connect-known-chains@1.10.1", "", {}, "sha512-NY+Pi6jd0WKq873dX5Ufo0h/jJ6RNpnDBsUWxCgOHkNpvmdnslKZW0pfKeUDlP412uaz2twPIDTzDw+LbTvvYQ=="],

    "@substrate/light-client-extension-helpers": ["@substrate/light-client-extension-helpers@0.0.4", "", { "dependencies": { "@polkadot-api/client": "0.0.1-492c132563ea6b40ae1fc5470dec4cd18768d182.1.0", "@polkadot-api/json-rpc-provider": "0.0.1-492c132563ea6b40ae1fc5470dec4cd18768d182.1.0", "@polkadot-api/json-rpc-provider-proxy": "0.0.1-492c132563ea6b40ae1fc5470dec4cd18768d182.1.0", "@polkadot-api/substrate-client": "0.0.1-492c132563ea6b40ae1fc5470dec4cd18768d182.1.0", "@substrate/connect-extension-protocol": "^2.0.0", "@substrate/connect-known-chains": "^1.1.1", "rxjs": "^7.8.1" }, "peerDependencies": { "smoldot": "2.x" } }, "sha512-vfKcigzL0SpiK+u9sX6dq2lQSDtuFLOxIJx2CKPouPEHIs8C+fpsufn52r19GQn+qDhU8POMPHOVoqLktj8UEA=="],

    "@substrate/ss58-registry": ["@substrate/ss58-registry@1.51.0", "", {}, "sha512-TWDurLiPxndFgKjVavCniytBIw+t4ViOi7TYp9h/D0NMmkEc9klFTo+827eyEJ0lELpqO207Ey7uGxUa+BS1jQ=="],

    "@types/bn.js": ["@types/bn.js@5.1.6", "", { "dependencies": { "@types/node": "*" } }, "sha512-Xh8vSwUeMKeYYrj3cX4lGQgFSF/N03r+tv4AiLl1SucqV+uTQpxRcnM8AkXKHwYP9ZPXOYXRr2KPXpVlIvqh9w=="],

    "@types/node": ["@types/node@22.15.18", "", { "dependencies": { "undici-types": "~6.21.0" } }, "sha512-v1DKRfUdyW+jJhZNEI1PYy29S2YRxMV5AOO/x/SjKmW0acCIOqmbj6Haf9eHAhsPmrhlHSxEhv/1WszcLWV4cg=="],

    "bn.js": ["bn.js@5.2.2", "", {}, "sha512-v2YAxEmKaBLahNwE1mjp4WON6huMNeuDvagFZW+ASCuA/ku0bXR9hSMw0XpiqMoA3+rmnyck/tPRSFQkoC9Cuw=="],

    "bun-types": ["bun-types@1.2.13", "", { "dependencies": { "@types/node": "*" } }, "sha512-rRjA1T6n7wto4gxhAO/ErZEtOXyEZEmnIHQfl0Dt1QQSB4QV0iP6BZ9/YB5fZaHFQ2dwHFrmPaRQ9GGMX01k9Q=="],

    "data-uri-to-buffer": ["data-uri-to-buffer@4.0.1", "", {}, "sha512-0R9ikRb668HB7QDxT1vkpuUBtqc53YyAwMwGeUFKRojY/NWKvdZ+9UYtRfGmhqNbRkTSVpMbmyhXipFFv2cb/A=="],

    "debug": ["debug@4.4.1", "", { "dependencies": { "ms": "^2.1.3" } }, "sha512-KcKCqiftBJcZr++7ykoDIEwSa3XWowTfNPo92BYxjXiyYEVrUQh2aLyhxBCwww+heortUFxEJYcRzosstTEBYQ=="],

    "eventemitter3": ["eventemitter3@5.0.1", "", {}, "sha512-GWkBvjiSZK87ELrYOSESUYeVIc9mvLLf/nXalMOS5dYrgZq9o5OVkbZAVM06CVxYsCwH9BDZFPlQTlPA1j4ahA=="],

    "fetch-blob": ["fetch-blob@3.2.0", "", { "dependencies": { "node-domexception": "^1.0.0", "web-streams-polyfill": "^3.0.3" } }, "sha512-7yAQpD2UMJzLi1Dqv7qFYnPbaPx7ZfFK6PiIxQ4PfkGPyNyl2Ugx+a/umUonmKqjhM4DnfbMvdX6otXq83soQQ=="],

    "formdata-polyfill": ["formdata-polyfill@4.0.10", "", { "dependencies": { "fetch-blob": "^3.1.2" } }, "sha512-buewHzMvYL29jdeQTVILecSaZKnt/RJWjoZCF5OW60Z67/GmSLBkOFM7qh1PI3zFNtJbaZL5eQu1vLfazOwj4g=="],

    "json-stringify-safe": ["json-stringify-safe@5.0.1", "", {}, "sha512-ZClg6AaYvamvYEE82d3Iyd3vSSIjQ+odgjaTzRuO3s7toCdFKczob2i0zCh7JE8kWn17yvAWhUVxvqGwUalsRA=="],

    "mock-socket": ["mock-socket@9.3.1", "", {}, "sha512-qxBgB7Qa2sEQgHFjj0dSigq7fX4k6Saisd5Nelwp2q8mlbAFh5dHV9JTTlF8viYJLSSWgMCZFUom8PJcMNBoJw=="],

    "ms": ["ms@2.1.3", "", {}, "sha512-6FlzubTLZG3J2a/NVCAleEhjzq5oxgHyaCU9yYXvcLsvoVaHJq/s5xXI6/XXP6tz7R9xAOtHnSO/tXtF3WRTlA=="],

    "nock": ["nock@13.5.6", "", { "dependencies": { "debug": "^4.1.0", "json-stringify-safe": "^5.0.1", "propagate": "^2.0.0" } }, "sha512-o2zOYiCpzRqSzPj0Zt/dQ/DqZeYoaQ7TUonc/xUPjCGl9WeHpNbxgVvOquXYAaJzI0M9BXV3HTzG0p8IUAbBTQ=="],

    "node-domexception": ["node-domexception@1.0.0", "", {}, "sha512-/jKZoMpw0F8GRwl4/eLROPA3cfcXtLApP0QzLmUT/HuPCZWyB7IY9ZrMeKw2O/nFIqPQB3PVM9aYm0F312AXDQ=="],

    "node-fetch": ["node-fetch@3.3.2", "", { "dependencies": { "data-uri-to-buffer": "^4.0.0", "fetch-blob": "^3.1.4", "formdata-polyfill": "^4.0.10" } }, "sha512-dRB78srN/l6gqWulah9SrxeYnxeddIG30+GOqK/9OlLVyLg3HPnr6SqOWTWOXKRwC2eGYCkZ59NNuSgvSrpgOA=="],

    "propagate": ["propagate@2.0.1", "", {}, "sha512-vGrhOavPSTz4QVNuBNdcNXePNdNMaO1xj9yBeH1ScQPjk/rhg9sSlCXPhMkFuaNNW/syTvYqsnbIJxMBfRbbag=="],

    "rxjs": ["rxjs@7.8.2", "", { "dependencies": { "tslib": "^2.1.0" } }, "sha512-dhKf903U/PQZY6boNNtAGdWbG85WAbjT/1xYoZIC7FAY0yWapOBQVsVrDl58W86//e1VpMNBtRV4MaXfdMySFA=="],

    "scale-ts": ["scale-ts@1.6.1", "", {}, "sha512-PBMc2AWc6wSEqJYBDPcyCLUj9/tMKnLX70jLOSndMtcUoLQucP/DM0vnQo1wJAYjTrQiq8iG9rD0q6wFzgjH7g=="],

    "smoldot": ["smoldot@2.0.22", "", { "dependencies": { "ws": "^8.8.1" } }, "sha512-B50vRgTY6v3baYH6uCgL15tfaag5tcS2o/P5q1OiXcKGv1axZDfz2dzzMuIkVpyMR2ug11F6EAtQlmYBQd292g=="],

    "tslib": ["tslib@2.8.1", "", {}, "sha512-oJFu94HQb+KVduSUQL7wnpmqnfmLsOA/nAh6b6EH0wCEoK0/mPeXU6c3wKDV83MkOuHPRHtSXKKU99IBazS/2w=="],

    "undici-types": ["undici-types@6.21.0", "", {}, "sha512-iwDZqg0QAGrg9Rav5H4n0M64c3mkR59cJ6wQp+7C4nI0gsmExaedaYLNO44eT4AtBBwjbTiGPMlt2Md0T9H9JQ=="],

    "web-streams-polyfill": ["web-streams-polyfill@3.3.3", "", {}, "sha512-d2JWLCivmZYTSIoge9MsgFCZrt571BikcWGYkjC1khllbTeDlGqZ2D8vD8E/lJa8WGWbb7Plm8/XJYV7IJHZZw=="],

    "ws": ["ws@8.18.2", "", { "peerDependencies": { "bufferutil": "^4.0.1", "utf-8-validate": ">=5.0.2" }, "optionalPeers": ["bufferutil", "utf-8-validate"] }, "sha512-DMricUmwGZUVr++AEAe2uiVM7UoO9MAVZMDu05UQOaUII0lp+zOzLLU4Xqh/JvTqklB1T4uELaaPBKyjE1r4fQ=="],
  }
}
